
Microsoft Visual Studio Solution File, Format Version 12.00
# Visual Studio 15
VisualStudioVersion = 15.0.28010.2036
MinimumVisualStudioVersion = 10.0.40219.1
Project("{FAE04EC0-301F-11D3-BF4B-00C04F79EFBC}") = "odd_even", "odd_even\odd_even.csproj", "{898F20EC-0872-4D32-A69A-05EBC4BFF921}"
EndProject
Global
	GlobalSection(SolutionConfigurationPlatforms) = preSolution
		Debug|Any CPU = Debug|Any CPU
		Release|Any CPU = Release|Any CPU
	EndGlobalSection
	GlobalSection(ProjectConfigurationPlatforms) = postSolution
		{898F20EC-0872-4D32-A69A-05EBC4BFF921}.Debug|Any CPU.ActiveCfg = Debug|Any CPU
		{898F20EC-0872-4D32-A69A-05EBC4BFF921}.Debug|Any CPU.Build.0 = Debug|Any CPU
		{898F20EC-0872-4D32-A69A-05EBC4BFF921}.Release|Any CPU.ActiveCfg = Release|Any CPU
		{898F20EC-0872-4D32-A69A-05EBC4BFF921}.Release|Any CPU.Build.0 = Release|Any CPU
	EndGlobalSection
	GlobalSection(SolutionProperties) = preSolution
		HideSolutionNode = FALSE
	EndGlobalSection
	GlobalSection(ExtensibilityGlobals) = postSolution
		SolutionGuid = {4477D6F6-BDA3-45A6-ADCB-B371521E5F85}
	EndGlobalSection
EndGlobal
